
Microsoft Visual Studio Solution File, Format Version 12.00
# Visual Studio Version 16
VisualStudioVersion = 16.0.31005.135
MinimumVisualStudioVersion = 10.0.40219.1
Project("{FAE04EC0-301F-11D3-BF4B-00C04F79EFBC}") = "InteleSys", "InteleSys\InteleSys.csproj", "{0C3CFA13-5F6F-4E1D-B9AD-08B960EDD927}"
EndProject
Global
	GlobalSection(SolutionConfigurationPlatforms) = preSolution
		Debug|Any CPU = Debug|Any CPU
		Release|Any CPU = Release|Any CPU
	EndGlobalSection
	GlobalSection(ProjectConfigurationPlatforms) = postSolution
		{0C3CFA13-5F6F-4E1D-B9AD-08B960EDD927}.Debug|Any CPU.ActiveCfg = Debug|Any CPU
		{0C3CFA13-5F6F-4E1D-B9AD-08B960EDD927}.Debug|Any CPU.Build.0 = Debug|Any CPU
		{0C3CFA13-5F6F-4E1D-B9AD-08B960EDD927}.Release|Any CPU.ActiveCfg = Release|Any CPU
		{0C3CFA13-5F6F-4E1D-B9AD-08B960EDD927}.Release|Any CPU.Build.0 = Release|Any CPU
	EndGlobalSection
	GlobalSection(SolutionProperties) = preSolution
		HideSolutionNode = FALSE
	EndGlobalSection
	GlobalSection(ExtensibilityGlobals) = postSolution
		SolutionGuid = {FCE1A990-B7B1-4A3B-AB03-2C972064B6A4}
	EndGlobalSection
EndGlobal
